<?xml version="1.0" encoding="utf-8"?>
<Project ToolsVersion="4.0" xmlns="http://schemas.microsoft.com/developer/msbuild/2003">
  <ItemGroup>
    <Filter Include="Source Files">
      <UniqueIdentifier>{4FC737F1-C7A5-4376-A066-2A32D752A2FF}</UniqueIdentifier>
      <Extensions>cpp;c;cc;cxx;def;odl;idl;hpj;bat;asm;asmx</Extensions>
    </Filter>
    <Filter Include="Header Files">
      <UniqueIdentifier>{93995380-89BD-4b04-88EB-625FBE52EBFB}</UniqueIdentifier>
      <Extensions>h;hpp;hxx;hm;inl;inc;xsd</Extensions>
    </Filter>
    <Filter Include="Resource Files">
      <UniqueIdentifier>{67DA6AB6-F800-4c08-8B7A-83BB121AAD01}</UniqueIdentifier>
      <Extensions>rc;ico;cur;bmp;dlg;rc2;rct;bin;rgs;gif;jpg;jpeg;jpe;resx;tiff;tif;png;wav</Extensions>
    </Filter>
    <Filter Include="Source Files\dshowInterface">
      <UniqueIdentifier>{8bfc3f56-d00a-4911-a5d5-34e12e6a36a8}</UniqueIdentifier>
    </Filter>
    <Filter Include="Source Files\mediafoundationinterface">
      <UniqueIdentifier>{e8129116-db85-4dd0-ad2a-f869af84d34d}</UniqueIdentifier>
    </Filter>
    <Filter Include="Source Files\buffermanager">
      <UniqueIdentifier>{3bbb7c41-106f-4e8e-b1c5-cd11df622358}</UniqueIdentifier>
    </Filter>
    <Filter Include="Source Files\utils">
      <UniqueIdentifier>{c976d277-3457-448d-81ad-bd386b64418f}</UniqueIdentifier>
    </Filter>
    <Filter Include="Header Files\dshowinterface">
      <UniqueIdentifier>{183177a7-f1c6-42a1-b156-9d98fef21ddd}</UniqueIdentifier>
    </Filter>
    <Filter Include="Header Files\mediafoundationinterface">
      <UniqueIdentifier>{4754ddda-fcd5-4548-8fe3-0979a90bc1a3}</UniqueIdentifier>
    </Filter>
    <Filter Include="Header Files\buffermanager">
      <UniqueIdentifier>{8295eac9-2851-4dd6-8931-c34dd0790b75}</UniqueIdentifier>
    </Filter>
    <Filter Include="Header Files\utils">
      <UniqueIdentifier>{c36ece20-df28-473c-bd71-eeab10965c16}</UniqueIdentifier>
    </Filter>
    <Filter Include="Header Files\filesinterface">
      <UniqueIdentifier>{b7b922f2-32eb-4c11-b867-1422f988c5fc}</UniqueIdentifier>
    </Filter>
    <Filter Include="Source Files\filesinterface">
      <UniqueIdentifier>{708d2876-2a87-4b36-a647-848ec4f3ea21}</UniqueIdentifier>
    </Filter>
  </ItemGroup>
  <ItemGroup>
    <ClCompile Include="dshowVideoCapture.cpp">
      <Filter>Source Files\dshowInterface</Filter>
    </ClCompile>
    <ClCompile Include="ISampleGrabberCBImpl.cpp">
      <Filter>Source Files\dshowInterface</Filter>
    </ClCompile>
    <ClCompile Include="VideoCapture.cpp">
      <Filter>Source Files</Filter>
    </ClCompile>
    <ClCompile Include="SampleBufferManager.cpp">
      <Filter>Source Files\buffermanager</Filter>
    </ClCompile>
    <ClCompile Include="dllmain.cpp">
      <Filter>Source Files\utils</Filter>
    </ClCompile>
    <ClCompile Include="stdafx.cpp">
      <Filter>Source Files\utils</Filter>
    </ClCompile>
    <ClCompile Include="mtype.cpp">
      <Filter>Source Files\dshowInterface</Filter>
    </ClCompile>
    <ClCompile Include="filesVideoCapture.cpp">
      <Filter>Source Files\filesinterface</Filter>
    </ClCompile>
    <ClCompile Include="mediafoundationVideoCapture.cpp">
      <Filter>Source Files\mediafoundationinterface</Filter>
    </ClCompile>
  </ItemGroup>
  <ItemGroup>
    <ClInclude Include="IVideoCapture.h">
      <Filter>Header Files</Filter>
    </ClInclude>
    <ClInclude Include="dshowVideoCapture.h">
      <Filter>Header Files\dshowinterface</Filter>
    </ClInclude>
    <ClInclude Include="ISampleGrabberCBImpl.h">
      <Filter>Header Files\dshowinterface</Filter>
    </ClInclude>
    <ClInclude Include="mediafoundationVideoCapture.h">
      <Filter>Header Files\mediafoundationinterface</Filter>
    </ClInclude>
    <ClInclude Include="stdafx.h">
      <Filter>Header Files\utils</Filter>
    </ClInclude>
    <ClInclude Include="targetver.h">
      <Filter>Header Files\utils</Filter>
    </ClInclude>
    <ClInclude Include="SampleBufferManager.h">
      <Filter>Header Files\buffermanager</Filter>
    </ClInclude>
    <ClInclude Include="dshowutil.h">
      <Filter>Header Files\utils</Filter>
    </ClInclude>
    <ClInclude Include="ISampleGrabber.h">
      <Filter>Header Files\utils</Filter>
    </ClInclude>
    <ClInclude Include="VideoCapture.h">
      <Filter>Header Files\utils</Filter>
    </ClInclude>
    <ClInclude Include="mtype.h">
      <Filter>Header Files\dshowinterface</Filter>
    </ClInclude>
    <ClInclude Include="filesVideoCapture.h">
      <Filter>Header Files\filesinterface</Filter>
    </ClInclude>
  </ItemGroup>
  <ItemGroup>
    <Text Include="ReadMe.txt" />
  </ItemGroup>
</Project>